// !$*UTF8*$!
{
	archiveVersion = 1;
	classes = {
	};
	objectVersion = 50;
	objects = {

/* Begin PBXBuildFile section */
		B60299FF208F4A98000EC3DC /* KeyboardNotifications+UIViewController.swift in Sources */ = {isa = PBXBuildFile; fileRef = B60299FE208F4A97000EC3DC /* KeyboardNotifications+UIViewController.swift */; };
		B6029A00208F61D8000EC3DC /* Assets.xcassets in Resources */ = {isa = PBXBuildFile; fileRef = B6622F2A208F358800BBD784 /* Assets.xcassets */; };
		B6029A04208FAC0C000EC3DC /* Localize+String.swift in Sources */ = {isa = PBXBuildFile; fileRef = B6029A03208FAC0C000EC3DC /* Localize+String.swift */; };
		B6029A07208FB2DF000EC3DC /* EndGameAlertStoryboard.storyboard in Resources */ = {isa = PBXBuildFile; fileRef = B6029A06208FB2DF000EC3DC /* EndGameAlertStoryboard.storyboard */; };
		B6029A09208FB7A0000EC3DC /* EndGameAlertViewController.swift in Sources */ = {isa = PBXBuildFile; fileRef = B6029A08208FB7A0000EC3DC /* EndGameAlertViewController.swift */; };
		B6029A0B208FC1B7000EC3DC /* EndGameAlert+UIViewController.swift in Sources */ = {isa = PBXBuildFile; fileRef = B6029A0A208FC1B7000EC3DC /* EndGameAlert+UIViewController.swift */; };
		B6029A0D208FC343000EC3DC /* Colors.swift in Sources */ = {isa = PBXBuildFile; fileRef = B6029A0C208FC343000EC3DC /* Colors.swift */; };
		B616FB9820948906002F9851 /* CubeNode.swift in Sources */ = {isa = PBXBuildFile; fileRef = B616FB9720948906002F9851 /* CubeNode.swift */; };
		B616FB9C20951BC0002F9851 /* Equatable+SCNVector3.swift in Sources */ = {isa = PBXBuildFile; fileRef = B616FB9B20951BC0002F9851 /* Equatable+SCNVector3.swift */; };
		B616FB9E20951E4C002F9851 /* Tesseract+ArraySCNNode.swift in Sources */ = {isa = PBXBuildFile; fileRef = B616FB9D20951E4C002F9851 /* Tesseract+ArraySCNNode.swift */; };
		B6622F13208F1C6000BBD784 /* AppDelegate.swift in Sources */ = {isa = PBXBuildFile; fileRef = B6622F12208F1C6000BBD784 /* AppDelegate.swift */; };
		B6622F17208F1C6000BBD784 /* ViewController.swift in Sources */ = {isa = PBXBuildFile; fileRef = B6622F16208F1C6000BBD784 /* ViewController.swift */; };
		B6622F1A208F1C6000BBD784 /* Main.storyboard in Resources */ = {isa = PBXBuildFile; fileRef = B6622F18208F1C6000BBD784 /* Main.storyboard */; };
		B6622F1F208F1C6200BBD784 /* LaunchScreen.storyboard in Resources */ = {isa = PBXBuildFile; fileRef = B6622F1D208F1C6200BBD784 /* LaunchScreen.storyboard */; };
		B6622F28208F356100BBD784 /* Localizable.strings in Resources */ = {isa = PBXBuildFile; fileRef = B6622F27208F356100BBD784 /* Localizable.strings */; };
/* End PBXBuildFile section */

/* Begin PBXFileReference section */
		B60299FE208F4A97000EC3DC /* KeyboardNotifications+UIViewController.swift */ = {isa = PBXFileReference; lastKnownFileType = sourcecode.swift; path = "KeyboardNotifications+UIViewController.swift"; sourceTree = "<group>"; };
		B6029A03208FAC0C000EC3DC /* Localize+String.swift */ = {isa = PBXFileReference; lastKnownFileType = sourcecode.swift; path = "Localize+String.swift"; sourceTree = "<group>"; };
		B6029A06208FB2DF000EC3DC /* EndGameAlertStoryboard.storyboard */ = {isa = PBXFileReference; lastKnownFileType = file.storyboard; path = EndGameAlertStoryboard.storyboard; sourceTree = "<group>"; };
		B6029A08208FB7A0000EC3DC /* EndGameAlertViewController.swift */ = {isa = PBXFileReference; lastKnownFileType = sourcecode.swift; path = EndGameAlertViewController.swift; sourceTree = "<group>"; };
		B6029A0A208FC1B7000EC3DC /* EndGameAlert+UIViewController.swift */ = {isa = PBXFileReference; lastKnownFileType = sourcecode.swift; path = "EndGameAlert+UIViewController.swift"; sourceTree = "<group>"; };
		B6029A0C208FC343000EC3DC /* Colors.swift */ = {isa = PBXFileReference; lastKnownFileType = sourcecode.swift; path = Colors.swift; sourceTree = "<group>"; };
		B616FB9720948906002F9851 /* CubeNode.swift */ = {isa = PBXFileReference; lastKnownFileType = sourcecode.swift; path = CubeNode.swift; sourceTree = "<group>"; };
		B616FB9B20951BC0002F9851 /* Equatable+SCNVector3.swift */ = {isa = PBXFileReference; lastKnownFileType = sourcecode.swift; path = "Equatable+SCNVector3.swift"; sourceTree = "<group>"; };
		B616FB9D20951E4C002F9851 /* Tesseract+ArraySCNNode.swift */ = {isa = PBXFileReference; lastKnownFileType = sourcecode.swift; path = "Tesseract+ArraySCNNode.swift"; sourceTree = "<group>"; };
		B6622F0F208F1C6000BBD784 /* ARTesseract.app */ = {isa = PBXFileReference; explicitFileType = wrapper.application; includeInIndex = 0; path = ARTesseract.app; sourceTree = BUILT_PRODUCTS_DIR; };
		B6622F12208F1C6000BBD784 /* AppDelegate.swift */ = {isa = PBXFileReference; lastKnownFileType = sourcecode.swift; path = AppDelegate.swift; sourceTree = "<group>"; };
		B6622F16208F1C6000BBD784 /* ViewController.swift */ = {isa = PBXFileReference; lastKnownFileType = sourcecode.swift; path = ViewController.swift; sourceTree = "<group>"; };
		B6622F19208F1C6000BBD784 /* Base */ = {isa = PBXFileReference; lastKnownFileType = file.storyboard; name = Base; path = Base.lproj/Main.storyboard; sourceTree = "<group>"; };
		B6622F1E208F1C6200BBD784 /* Base */ = {isa = PBXFileReference; lastKnownFileType = file.storyboard; name = Base; path = Base.lproj/LaunchScreen.storyboard; sourceTree = "<group>"; };
		B6622F20208F1C6200BBD784 /* Info.plist */ = {isa = PBXFileReference; lastKnownFileType = text.plist.xml; path = Info.plist; sourceTree = "<group>"; };
		B6622F27208F356100BBD784 /* Localizable.strings */ = {isa = PBXFileReference; lastKnownFileType = text.plist.strings; path = Localizable.strings; sourceTree = "<group>"; };
		B6622F2A208F358800BBD784 /* Assets.xcassets */ = {isa = PBXFileReference; lastKnownFileType = folder.assetcatalog; path = Assets.xcassets; sourceTree = "<group>"; };
/* End PBXFileReference section */

/* Begin PBXFrameworksBuildPhase section */
		B6622F0C208F1C6000BBD784 /* Frameworks */ = {
			isa = PBXFrameworksBuildPhase;
			buildActionMask = 2147483647;
			files = (
			);
			runOnlyForDeploymentPostprocessing = 0;
		};
/* End PBXFrameworksBuildPhase section */

/* Begin PBXGroup section */
		B60299FD208F4A70000EC3DC /* Helpers */ = {
			isa = PBXGroup;
			children = (
				B60299FE208F4A97000EC3DC /* KeyboardNotifications+UIViewController.swift */,
				B6029A03208FAC0C000EC3DC /* Localize+String.swift */,
				B616FB9B20951BC0002F9851 /* Equatable+SCNVector3.swift */,
				B616FB9D20951E4C002F9851 /* Tesseract+ArraySCNNode.swift */,
			);
			name = Helpers;
			sourceTree = "<group>";
		};
		B6029A05208FB27A000EC3DC /* Alert */ = {
			isa = PBXGroup;
			children = (
				B6029A06208FB2DF000EC3DC /* EndGameAlertStoryboard.storyboard */,
				B6029A08208FB7A0000EC3DC /* EndGameAlertViewController.swift */,
				B6029A0A208FC1B7000EC3DC /* EndGameAlert+UIViewController.swift */,
			);
			name = Alert;
			sourceTree = "<group>";
		};
		B6622F06208F1C5F00BBD784 = {
			isa = PBXGroup;
			children = (
				B6622F11208F1C6000BBD784 /* ARTesseract */,
				B6622F10208F1C6000BBD784 /* Products */,
			);
			sourceTree = "<group>";
		};
		B6622F10208F1C6000BBD784 /* Products */ = {
			isa = PBXGroup;
			children = (
				B6622F0F208F1C6000BBD784 /* ARTesseract.app */,
			);
			name = Products;
			sourceTree = "<group>";
		};
		B6622F11208F1C6000BBD784 /* ARTesseract */ = {
			isa = PBXGroup;
			children = (
				B6622F29208F357100BBD784 /* Resources */,
				B6622F2B208F359E00BBD784 /* Sources */,
				B6622F26208F350D00BBD784 /* AppSettings */,
			);
			path = ARTesseract;
			sourceTree = "<group>";
		};
		B6622F26208F350D00BBD784 /* AppSettings */ = {
			isa = PBXGroup;
			children = (
				B6622F20208F1C6200BBD784 /* Info.plist */,
				B6622F12208F1C6000BBD784 /* AppDelegate.swift */,
				B6622F1D208F1C6200BBD784 /* LaunchScreen.storyboard */,
				B6622F27208F356100BBD784 /* Localizable.strings */,
				B6029A0C208FC343000EC3DC /* Colors.swift */,
			);
			name = AppSettings;
			sourceTree = "<group>";
		};
		B6622F29208F357100BBD784 /* Resources */ = {
			isa = PBXGroup;
			children = (
				B6622F2A208F358800BBD784 /* Assets.xcassets */,
			);
			name = Resources;
			sourceTree = "<group>";
		};
		B6622F2B208F359E00BBD784 /* Sources */ = {
			isa = PBXGroup;
			children = (
				B6029A05208FB27A000EC3DC /* Alert */,
				B60299FD208F4A70000EC3DC /* Helpers */,
				B6622F16208F1C6000BBD784 /* ViewController.swift */,
				B616FB9720948906002F9851 /* CubeNode.swift */,
				B6622F18208F1C6000BBD784 /* Main.storyboard */,
			);
			name = Sources;
			sourceTree = "<group>";
		};
/* End PBXGroup section */

/* Begin PBXNativeTarget section */
		B6622F0E208F1C6000BBD784 /* ARTesseract */ = {
			isa = PBXNativeTarget;
			buildConfigurationList = B6622F23208F1C6200BBD784 /* Build configuration list for PBXNativeTarget "ARTesseract" */;
			buildPhases = (
				B6622F0B208F1C6000BBD784 /* Sources */,
				B6622F0C208F1C6000BBD784 /* Frameworks */,
				B6622F0D208F1C6000BBD784 /* Resources */,
			);
			buildRules = (
			);
			dependencies = (
			);
			name = ARTesseract;
			productName = ARTesseract;
			productReference = B6622F0F208F1C6000BBD784 /* ARTesseract.app */;
			productType = "com.apple.product-type.application";
		};
/* End PBXNativeTarget section */

/* Begin PBXProject section */
		B6622F07208F1C6000BBD784 /* Project object */ = {
			isa = PBXProject;
			attributes = {
				LastSwiftUpdateCheck = 0930;
				LastUpgradeCheck = 0930;
				ORGANIZATIONNAME = com.McPusz.ARTesseract;
				TargetAttributes = {
					B6622F0E208F1C6000BBD784 = {
						CreatedOnToolsVersion = 9.3;
					};
				};
			};
			buildConfigurationList = B6622F0A208F1C6000BBD784 /* Build configuration list for PBXProject "ARTesseract" */;
			compatibilityVersion = "Xcode 9.3";
			developmentRegion = en;
			hasScannedForEncodings = 0;
			knownRegions = (
				en,
				Base,
			);
			mainGroup = B6622F06208F1C5F00BBD784;
			productRefGroup = B6622F10208F1C6000BBD784 /* Products */;
			projectDirPath = "";
			projectRoot = "";
			targets = (
				B6622F0E208F1C6000BBD784 /* ARTesseract */,
			);
		};
/* End PBXProject section */

/* Begin PBXResourcesBuildPhase section */
		B6622F0D208F1C6000BBD784 /* Resources */ = {
			isa = PBXResourcesBuildPhase;
			buildActionMask = 2147483647;
			files = (
				B6029A07208FB2DF000EC3DC /* EndGameAlertStoryboard.storyboard in Resources */,
				B6622F28208F356100BBD784 /* Localizable.strings in Resources */,
				B6622F1F208F1C6200BBD784 /* LaunchScreen.storyboard in Resources */,
				B6622F1A208F1C6000BBD784 /* Main.storyboard in Resources */,
				B6029A00208F61D8000EC3DC /* Assets.xcassets in Resources */,
			);
			runOnlyForDeploymentPostprocessing = 0;
		};
/* End PBXResourcesBuildPhase section */

/* Begin PBXSourcesBuildPhase section */
		B6622F0B208F1C6000BBD784 /* Sources */ = {
			isa = PBXSourcesBuildPhase;
			buildActionMask = 2147483647;
			files = (
				B616FB9C20951BC0002F9851 /* Equatable+SCNVector3.swift in Sources */,
				B6029A09208FB7A0000EC3DC /* EndGameAlertViewController.swift in Sources */,
				B6029A04208FAC0C000EC3DC /* Localize+String.swift in Sources */,
				B6029A0B208FC1B7000EC3DC /* EndGameAlert+UIViewController.swift in Sources */,
				B6029A0D208FC343000EC3DC /* Colors.swift in Sources */,
				B6622F17208F1C6000BBD784 /* ViewController.swift in Sources */,
				B6622F13208F1C6000BBD784 /* AppDelegate.swift in Sources */,
				B616FB9820948906002F9851 /* CubeNode.swift in Sources */,
				B60299FF208F4A98000EC3DC /* KeyboardNotifications+UIViewController.swift in Sources */,
				B616FB9E20951E4C002F9851 /* Tesseract+ArraySCNNode.swift in Sources */,
			);
			runOnlyForDeploymentPostprocessing = 0;
		};
/* End PBXSourcesBuildPhase section */

/* Begin PBXVariantGroup section */
		B6622F18208F1C6000BBD784 /* Main.storyboard */ = {
			isa = PBXVariantGroup;
			children = (
				B6622F19208F1C6000BBD784 /* Base */,
			);
			name = Main.storyboard;
			sourceTree = "<group>";
		};
		B6622F1D208F1C6200BBD784 /* LaunchScreen.storyboard */ = {
			isa = PBXVariantGroup;
			children = (
				B6622F1E208F1C6200BBD784 /* Base */,
			);
			name = LaunchScreen.storyboard;
			sourceTree = "<group>";
		};
/* End PBXVariantGroup section */

/* Begin XCBuildConfiguration section */
		B6622F21208F1C6200BBD784 /* Debug */ = {
			isa = XCBuildConfiguration;
			buildSettings = {
				ALWAYS_SEARCH_USER_PATHS = NO;
				CLANG_ANALYZER_NONNULL = YES;
				CLANG_ANALYZER_NUMBER_OBJECT_CONVERSION = YES_AGGRESSIVE;
				CLANG_CXX_LANGUAGE_STANDARD = "gnu++14";
				CLANG_CXX_LIBRARY = "libc++";
				CLANG_ENABLE_MODULES = YES;
				CLANG_ENABLE_OBJC_ARC = YES;
				CLANG_ENABLE_OBJC_WEAK = YES;
				CLANG_WARN_BLOCK_CAPTURE_AUTORELEASING = YES;
				CLANG_WARN_BOOL_CONVERSION = YES;
				CLANG_WARN_COMMA = YES;
				CLANG_WARN_CONSTANT_CONVERSION = YES;
				CLANG_WARN_DEPRECATED_OBJC_IMPLEMENTATIONS = YES;
				CLANG_WARN_DIRECT_OBJC_ISA_USAGE = YES_ERROR;
				CLANG_WARN_DOCUMENTATION_COMMENTS = YES;
				CLANG_WARN_EMPTY_BODY = YES;
				CLANG_WARN_ENUM_CONVERSION = YES;
				CLANG_WARN_INFINITE_RECURSION = YES;
				CLANG_WARN_INT_CONVERSION = YES;
				CLANG_WARN_NON_LITERAL_NULL_CONVERSION = YES;
				CLANG_WARN_OBJC_IMPLICIT_RETAIN_SELF = YES;
				CLANG_WARN_OBJC_LITERAL_CONVERSION = YES;
				CLANG_WARN_OBJC_ROOT_CLASS = YES_ERROR;
				CLANG_WARN_RANGE_LOOP_ANALYSIS = YES;
				CLANG_WARN_STRICT_PROTOTYPES = YES;
				CLANG_WARN_SUSPICIOUS_MOVE = YES;
				CLANG_WARN_UNGUARDED_AVAILABILITY = YES_AGGRESSIVE;
				CLANG_WARN_UNREACHABLE_CODE = YES;
				CLANG_WARN__DUPLICATE_METHOD_MATCH = YES;
				CODE_SIGN_IDENTITY = "iPhone Developer";
				COPY_PHASE_STRIP = NO;
				DEBUG_INFORMATION_FORMAT = dwarf;
				ENABLE_STRICT_OBJC_MSGSEND = YES;
				ENABLE_TESTABILITY = YES;
				GCC_C_LANGUAGE_STANDARD = gnu11;
				GCC_DYNAMIC_NO_PIC = NO;
				GCC_NO_COMMON_BLOCKS = YES;
				GCC_OPTIMIZATION_LEVEL = 0;
				GCC_PREPROCESSOR_DEFINITIONS = (
					"DEBUG=1",
					"$(inherited)",
				);
				GCC_WARN_64_TO_32_BIT_CONVERSION = YES;
				GCC_WARN_ABOUT_RETURN_TYPE = YES_ERROR;
				GCC_WARN_UNDECLARED_SELECTOR = YES;
				GCC_WARN_UNINITIALIZED_AUTOS = YES_AGGRESSIVE;
				GCC_WARN_UNUSED_FUNCTION = YES;
				GCC_WARN_UNUSED_VARIABLE = YES;
				IPHONEOS_DEPLOYMENT_TARGET = 11.3;
				MTL_ENABLE_DEBUG_INFO = YES;
				ONLY_ACTIVE_ARCH = YES;
				SDKROOT = iphoneos;
				SWIFT_ACTIVE_COMPILATION_CONDITIONS = DEBUG;
				SWIFT_OPTIMIZATION_LEVEL = "-Onone";
			};
			name = Debug;
		};
		B6622F22208F1C6200BBD784 /* Release */ = {
			isa = XCBuildConfiguration;
			buildSettings = {
				ALWAYS_SEARCH_USER_PATHS = NO;
				CLANG_ANALYZER_NONNULL = YES;
				CLANG_ANALYZER_NUMBER_OBJECT_CONVERSION = YES_AGGRESSIVE;
				CLANG_CXX_LANGUAGE_STANDARD = "gnu++14";
				CLANG_CXX_LIBRARY = "libc++";
				CLANG_ENABLE_MODULES = YES;
				CLANG_ENABLE_OBJC_ARC = YES;
				CLANG_ENABLE_OBJC_WEAK = YES;
				CLANG_WARN_BLOCK_CAPTURE_AUTORELEASING = YES;
				CLANG_WARN_BOOL_CONVERSION = YES;
				CLANG_WARN_COMMA = YES;
				CLANG_WARN_CONSTANT_CONVERSION = YES;
				CLANG_WARN_DEPRECATED_OBJC_IMPLEMENTATIONS = YES;
				CLANG_WARN_DIRECT_OBJC_ISA_USAGE = YES_ERROR;
				CLANG_WARN_DOCUMENTATION_COMMENTS = YES;
				CLANG_WARN_EMPTY_BODY = YES;
				CLANG_WARN_ENUM_CONVERSION = YES;
				CLANG_WARN_INFINITE_RECURSION = YES;
				CLANG_WARN_INT_CONVERSION = YES;
				CLANG_WARN_NON_LITERAL_NULL_CONVERSION = YES;
				CLANG_WARN_OBJC_IMPLICIT_RETAIN_SELF = YES;
				CLANG_WARN_OBJC_LITERAL_CONVERSION = YES;
				CLANG_WARN_OBJC_ROOT_CLASS = YES_ERROR;
				CLANG_WARN_RANGE_LOOP_ANALYSIS = YES;
				CLANG_WARN_STRICT_PROTOTYPES = YES;
				CLANG_WARN_SUSPICIOUS_MOVE = YES;
				CLANG_WARN_UNGUARDED_AVAILABILITY = YES_AGGRESSIVE;
				CLANG_WARN_UNREACHABLE_CODE = YES;
				CLANG_WARN__DUPLICATE_METHOD_MATCH = YES;
				CODE_SIGN_IDENTITY = "iPhone Developer";
				COPY_PHASE_STRIP = NO;
				DEBUG_INFORMATION_FORMAT = "dwarf-with-dsym";
				ENABLE_NS_ASSERTIONS = NO;
				ENABLE_STRICT_OBJC_MSGSEND = YES;
				GCC_C_LANGUAGE_STANDARD = gnu11;
				GCC_NO_COMMON_BLOCKS = YES;
				GCC_WARN_64_TO_32_BIT_CONVERSION = YES;
				GCC_WARN_ABOUT_RETURN_TYPE = YES_ERROR;
				GCC_WARN_UNDECLARED_SELECTOR = YES;
				GCC_WARN_UNINITIALIZED_AUTOS = YES_AGGRESSIVE;
				GCC_WARN_UNUSED_FUNCTION = YES;
				GCC_WARN_UNUSED_VARIABLE = YES;
				IPHONEOS_DEPLOYMENT_TARGET = 11.3;
				MTL_ENABLE_DEBUG_INFO = NO;
				SDKROOT = iphoneos;
				SWIFT_COMPILATION_MODE = wholemodule;
				SWIFT_OPTIMIZATION_LEVEL = "-O";
				VALIDATE_PRODUCT = YES;
			};
			name = Release;
		};
		B6622F24208F1C6200BBD784 /* Debug */ = {
			isa = XCBuildConfiguration;
			buildSettings = {
				ASSETCATALOG_COMPILER_APPICON_NAME = AppIcon;
				CODE_SIGN_STYLE = Automatic;
				DEVELOPMENT_TEAM = 3SMUCQFH3U;
				INFOPLIST_FILE = ARTesseract/Info.plist;
				LD_RUNPATH_SEARCH_PATHS = (
					"$(inherited)",
					"@executable_path/Frameworks",
				);
				PRODUCT_BUNDLE_IDENTIFIER = McPusz.ARTesseract;
				PRODUCT_NAME = "$(TARGET_NAME)";
				SWIFT_VERSION = 4.0;
				TARGETED_DEVICE_FAMILY = "1,2";
			};
			name = Debug;
		};
		B6622F25208F1C6200BBD784 /* Release */ = {
			isa = XCBuildConfiguration;
			buildSettings = {
				ASSETCATALOG_COMPILER_APPICON_NAME = AppIcon;
				CODE_SIGN_STYLE = Automatic;
				DEVELOPMENT_TEAM = 3SMUCQFH3U;
				INFOPLIST_FILE = ARTesseract/Info.plist;
				LD_RUNPATH_SEARCH_PATHS = (
					"$(inherited)",
					"@executable_path/Frameworks",
				);
				PRODUCT_BUNDLE_IDENTIFIER = McPusz.ARTesseract;
				PRODUCT_NAME = "$(TARGET_NAME)";
				SWIFT_VERSION = 4.0;
				TARGETED_DEVICE_FAMILY = "1,2";
			};
			name = Release;
		};
/* End XCBuildConfiguration section */

/* Begin XCConfigurationList section */
		B6622F0A208F1C6000BBD784 /* Build configuration list for PBXProject "ARTesseract" */ = {
			isa = XCConfigurationList;
			buildConfigurations = (
				B6622F21208F1C6200BBD784 /* Debug */,
				B6622F22208F1C6200BBD784 /* Release */,
			);
			defaultConfigurationIsVisible = 0;
			defaultConfigurationName = Release;
		};
		B6622F23208F1C6200BBD784 /* Build configuration list for PBXNativeTarget "ARTesseract" */ = {
			isa = XCConfigurationList;
			buildConfigurations = (
				B6622F24208F1C6200BBD784 /* Debug */,
				B6622F25208F1C6200BBD784 /* Release */,
			);
			defaultConfigurationIsVisible = 0;
			defaultConfigurationName = Release;
		};
/* End XCConfigurationList section */
	};
	rootObject = B6622F07208F1C6000BBD784 /* Project object */;
}
